hash: f8a779fbda7d04577e88c54d91575650158a7b8911d799e8d6a36c786c5b63ec
updated: 2016-04-15T16:27:40.286922512-05:00
imports:
- name: github.com/alecthomas/kingpin
  version: b3e2dde5034607a4446a4d5025baf43378e03203
- name: github.com/alecthomas/template
  version: a0175ee3bccc567396460bf5acd36800cb10c49c
  subpackages:
  - parse
- name: github.com/alecthomas/units
  version: 2efee857e7cfd4f3d0138cc3cbb1b4966962b93a
- name: github.com/coreos/go-semver
  version: 37bb68f88c4418889f0a9bfea4a5333d36bd15d5
  subpackages:
  - semver
- name: github.com/hashicorp/go-version
  version: ""
devImports: []
